
Microsoft Visual Studio Solution File, Format Version 12.00
# Visual Studio Version 16
VisualStudioVersion = 16.0.31005.135
MinimumVisualStudioVersion = 10.0.40219.1
Project("{FAE04EC0-301F-11D3-BF4B-00C04F79EFBC}") = "api-courses", "api-courses\api-courses.csproj", "{754ACFF7-F5D9-4D7F-9931-E4E1567995C8}"
EndProject
Global
	GlobalSection(SolutionConfigurationPlatforms) = preSolution
		Debug|Any CPU = Debug|Any CPU
		Release|Any CPU = Release|Any CPU
	EndGlobalSection
	GlobalSection(ProjectConfigurationPlatforms) = postSolution
		{754ACFF7-F5D9-4D7F-9931-E4E1567995C8}.Debug|Any CPU.ActiveCfg = Debug|Any CPU
		{754ACFF7-F5D9-4D7F-9931-E4E1567995C8}.Debug|Any CPU.Build.0 = Debug|Any CPU
		{754ACFF7-F5D9-4D7F-9931-E4E1567995C8}.Release|Any CPU.ActiveCfg = Release|Any CPU
		{754ACFF7-F5D9-4D7F-9931-E4E1567995C8}.Release|Any CPU.Build.0 = Release|Any CPU
	EndGlobalSection
	GlobalSection(SolutionProperties) = preSolution
		HideSolutionNode = FALSE
	EndGlobalSection
	GlobalSection(ExtensibilityGlobals) = postSolution
		SolutionGuid = {2AFB541F-CBCA-4149-A507-B9F62E6DB271}
	EndGlobalSection
EndGlobal
